
Microsoft Visual Studio Solution File, Format Version 12.00
# Visual Studio 15
VisualStudioVersion = 15.0.28307.136
MinimumVisualStudioVersion = 10.0.40219.1
Project("{FAE04EC0-301F-11D3-BF4B-00C04F79EFBC}") = "Inlämmningsuppgift ASP.NET MVC", "Inlämmningsuppgift ASP.NET MVC\Inlämmningsuppgift ASP.NET MVC.csproj", "{2774E4E2-2E6B-4CE6-BDD4-8A64C878D666}"
EndProject
Global
	GlobalSection(SolutionConfigurationPlatforms) = preSolution
		Debug|Any CPU = Debug|Any CPU
		Release|Any CPU = Release|Any CPU
	EndGlobalSection
	GlobalSection(ProjectConfigurationPlatforms) = postSolution
		{2774E4E2-2E6B-4CE6-BDD4-8A64C878D666}.Debug|Any CPU.ActiveCfg = Debug|Any CPU
		{2774E4E2-2E6B-4CE6-BDD4-8A64C878D666}.Debug|Any CPU.Build.0 = Debug|Any CPU
		{2774E4E2-2E6B-4CE6-BDD4-8A64C878D666}.Release|Any CPU.ActiveCfg = Release|Any CPU
		{2774E4E2-2E6B-4CE6-BDD4-8A64C878D666}.Release|Any CPU.Build.0 = Release|Any CPU
	EndGlobalSection
	GlobalSection(SolutionProperties) = preSolution
		HideSolutionNode = FALSE
	EndGlobalSection
	GlobalSection(ExtensibilityGlobals) = postSolution
		SolutionGuid = {BBEB0D9A-8E28-44CA-A7E8-5156AE8D03B2}
	EndGlobalSection
EndGlobal
